
Microsoft Visual Studio Solution File, Format Version 12.00
# Visual Studio 14
VisualStudioVersion = 14.0.25420.1
MinimumVisualStudioVersion = 10.0.40219.1
Project("{FAE04EC0-301F-11D3-BF4B-00C04F79EFBC}") = "PredatorPrey", "PredatorPrey\PredatorPrey.csproj", "{BC1B7E5F-7D40-48E7-BC4D-451C5054BCD0}"
EndProject
Global
	GlobalSection(SolutionConfigurationPlatforms) = preSolution
		Debug|Any CPU = Debug|Any CPU
		Release|Any CPU = Release|Any CPU
	EndGlobalSection
	GlobalSection(ProjectConfigurationPlatforms) = postSolution
		{BC1B7E5F-7D40-48E7-BC4D-451C5054BCD0}.Debug|Any CPU.ActiveCfg = Debug|Any CPU
		{BC1B7E5F-7D40-48E7-BC4D-451C5054BCD0}.Debug|Any CPU.Build.0 = Debug|Any CPU
		{BC1B7E5F-7D40-48E7-BC4D-451C5054BCD0}.Release|Any CPU.ActiveCfg = Release|Any CPU
		{BC1B7E5F-7D40-48E7-BC4D-451C5054BCD0}.Release|Any CPU.Build.0 = Release|Any CPU
	EndGlobalSection
	GlobalSection(SolutionProperties) = preSolution
		HideSolutionNode = FALSE
	EndGlobalSection
EndGlobal
